
Microsoft Visual Studio Solution File, Format Version 12.00
# Visual Studio Version 16
VisualStudioVersion = 16.0.33214.272
MinimumVisualStudioVersion = 10.0.40219.1
Project("{FAE04EC0-301F-11D3-BF4B-00C04F79EFBC}") = "pr16_2_7", "pr16_2_7.csproj", "{93B313F3-090A-4584-8148-25D11D3D1397}"
EndProject
Global
	GlobalSection(SolutionConfigurationPlatforms) = preSolution
		Debug|Any CPU = Debug|Any CPU
		Release|Any CPU = Release|Any CPU
	EndGlobalSection
	GlobalSection(ProjectConfigurationPlatforms) = postSolution
		{93B313F3-090A-4584-8148-25D11D3D1397}.Debug|Any CPU.ActiveCfg = Debug|Any CPU
		{93B313F3-090A-4584-8148-25D11D3D1397}.Debug|Any CPU.Build.0 = Debug|Any CPU
		{93B313F3-090A-4584-8148-25D11D3D1397}.Release|Any CPU.ActiveCfg = Release|Any CPU
		{93B313F3-090A-4584-8148-25D11D3D1397}.Release|Any CPU.Build.0 = Release|Any CPU
	EndGlobalSection
	GlobalSection(SolutionProperties) = preSolution
		HideSolutionNode = FALSE
	EndGlobalSection
	GlobalSection(ExtensibilityGlobals) = postSolution
		SolutionGuid = {EB2CDADE-1A1E-44AB-884A-AA81538E88CE}
	EndGlobalSection
EndGlobal
